
Microsoft Visual Studio Solution File, Format Version 12.00
# Visual Studio Version 17
VisualStudioVersion = 17.11.35303.130
MinimumVisualStudioVersion = 10.0.40219.1
Project("{9A19103F-16F7-4668-BE54-9A1E7A4F7556}") = "ATM.DesktopApp", "ATM.App\ATM.DesktopApp.csproj", "{0B8E5D7B-643E-40BC-A5EB-D90E08A857A4}"
	ProjectSection(ProjectDependencies) = postProject
		{DA42E000-723C-4CE7-A567-21DA33C7210D} = {DA42E000-723C-4CE7-A567-21DA33C7210D}
	EndProjectSection
EndProject
Project("{9A19103F-16F7-4668-BE54-9A1E7A4F7556}") = "ATM.ConsoleApp", "ATM.Console\ATM.ConsoleApp.csproj", "{E6FFC1AB-BA7C-4BA2-B1F1-506BF6D6829F}"
EndProject
Project("{9A19103F-16F7-4668-BE54-9A1E7A4F7556}") = "ATM.Logic", "ATM.Logic\ATM.Logic.csproj", "{DA42E000-723C-4CE7-A567-21DA33C7210D}"
EndProject
Global
	GlobalSection(SolutionConfigurationPlatforms) = preSolution
		Debug|Any CPU = Debug|Any CPU
		Release|Any CPU = Release|Any CPU
	EndGlobalSection
	GlobalSection(ProjectConfigurationPlatforms) = postSolution
		{0B8E5D7B-643E-40BC-A5EB-D90E08A857A4}.Debug|Any CPU.ActiveCfg = Debug|Any CPU
		{0B8E5D7B-643E-40BC-A5EB-D90E08A857A4}.Debug|Any CPU.Build.0 = Debug|Any CPU
		{0B8E5D7B-643E-40BC-A5EB-D90E08A857A4}.Release|Any CPU.ActiveCfg = Release|Any CPU
		{0B8E5D7B-643E-40BC-A5EB-D90E08A857A4}.Release|Any CPU.Build.0 = Release|Any CPU
		{E6FFC1AB-BA7C-4BA2-B1F1-506BF6D6829F}.Debug|Any CPU.ActiveCfg = Debug|Any CPU
		{E6FFC1AB-BA7C-4BA2-B1F1-506BF6D6829F}.Debug|Any CPU.Build.0 = Debug|Any CPU
		{E6FFC1AB-BA7C-4BA2-B1F1-506BF6D6829F}.Release|Any CPU.ActiveCfg = Release|Any CPU
		{E6FFC1AB-BA7C-4BA2-B1F1-506BF6D6829F}.Release|Any CPU.Build.0 = Release|Any CPU
		{DA42E000-723C-4CE7-A567-21DA33C7210D}.Debug|Any CPU.ActiveCfg = Debug|Any CPU
		{DA42E000-723C-4CE7-A567-21DA33C7210D}.Debug|Any CPU.Build.0 = Debug|Any CPU
		{DA42E000-723C-4CE7-A567-21DA33C7210D}.Release|Any CPU.ActiveCfg = Release|Any CPU
		{DA42E000-723C-4CE7-A567-21DA33C7210D}.Release|Any CPU.Build.0 = Release|Any CPU
	EndGlobalSection
	GlobalSection(SolutionProperties) = preSolution
		HideSolutionNode = FALSE
	EndGlobalSection
	GlobalSection(ExtensibilityGlobals) = postSolution
		SolutionGuid = {F9FE7853-CBE6-4529-A6F7-6A146631145D}
	EndGlobalSection
EndGlobal
